hash: 48a600cb3ccc57d7972fedfc24999968000f5a9e8f7a3a90ee82b337c199493f
updated: 2016-08-25T20:08:28.210468445+02:00
imports:
- name: github.com/bborbe/flagenv
  version: 0977949b20c82a7cad254644637f29c72205d61d
- name: github.com/bborbe/io
  version: a92503d8d6377ff0e8b24ad2007cc83546a50817
  subpackages:
  - buffered_writer
- name: github.com/bborbe/log
  version: 0250bb5b2e2bd833cb9a47333c28aa46751cdbfe
testImports:
- name: github.com/bborbe/assert
  version: f767bd2fffab5a86d5a887e2415d399e8aade8bf
